
Microsoft Visual Studio Solution File, Format Version 12.00
# Visual Studio 2013
VisualStudioVersion = 12.0.31101.0
MinimumVisualStudioVersion = 10.0.40219.1
Project("{FAE04EC0-301F-11D3-BF4B-00C04F79EFBC}") = "EC.Exam", "EC.Exam\EC.Exam.csproj", "{742B400B-0E61-4E3F-97F2-F6A89C22B357}"
EndProject
Project("{FAE04EC0-301F-11D3-BF4B-00C04F79EFBC}") = "EC.BusinessLogic", "EC.BusinessLogic\EC.BusinessLogic.csproj", "{B73108C4-D852-4228-8347-01116C47BC77}"
EndProject
Project("{FAE04EC0-301F-11D3-BF4B-00C04F79EFBC}") = "PruebasUnitarias", "PruebasUnitarias\PruebasUnitarias.csproj", "{3E3CC7D9-4D27-4F3E-874E-32495F814B7F}"
EndProject
Global
	GlobalSection(SolutionConfigurationPlatforms) = preSolution
		Debug|Any CPU = Debug|Any CPU
		Debug|ARM = Debug|ARM
		Debug|x64 = Debug|x64
		Debug|x86 = Debug|x86
		Release|Any CPU = Release|Any CPU
		Release|ARM = Release|ARM
		Release|x64 = Release|x64
		Release|x86 = Release|x86
	EndGlobalSection
	GlobalSection(ProjectConfigurationPlatforms) = postSolution
		{742B400B-0E61-4E3F-97F2-F6A89C22B357}.Debug|Any CPU.ActiveCfg = Debug|Any CPU
		{742B400B-0E61-4E3F-97F2-F6A89C22B357}.Debug|Any CPU.Build.0 = Debug|Any CPU
		{742B400B-0E61-4E3F-97F2-F6A89C22B357}.Debug|ARM.ActiveCfg = Debug|Any CPU
		{742B400B-0E61-4E3F-97F2-F6A89C22B357}.Debug|x64.ActiveCfg = Debug|Any CPU
		{742B400B-0E61-4E3F-97F2-F6A89C22B357}.Debug|x86.ActiveCfg = Debug|Any CPU
		{742B400B-0E61-4E3F-97F2-F6A89C22B357}.Release|Any CPU.ActiveCfg = Release|Any CPU
		{742B400B-0E61-4E3F-97F2-F6A89C22B357}.Release|Any CPU.Build.0 = Release|Any CPU
		{742B400B-0E61-4E3F-97F2-F6A89C22B357}.Release|ARM.ActiveCfg = Release|Any CPU
		{742B400B-0E61-4E3F-97F2-F6A89C22B357}.Release|x64.ActiveCfg = Release|Any CPU
		{742B400B-0E61-4E3F-97F2-F6A89C22B357}.Release|x86.ActiveCfg = Release|Any CPU
		{B73108C4-D852-4228-8347-01116C47BC77}.Debug|Any CPU.ActiveCfg = Debug|Any CPU
		{B73108C4-D852-4228-8347-01116C47BC77}.Debug|Any CPU.Build.0 = Debug|Any CPU
		{B73108C4-D852-4228-8347-01116C47BC77}.Debug|ARM.ActiveCfg = Debug|Any CPU
		{B73108C4-D852-4228-8347-01116C47BC77}.Debug|x64.ActiveCfg = Debug|Any CPU
		{B73108C4-D852-4228-8347-01116C47BC77}.Debug|x86.ActiveCfg = Debug|Any CPU
		{B73108C4-D852-4228-8347-01116C47BC77}.Release|Any CPU.ActiveCfg = Release|Any CPU
		{B73108C4-D852-4228-8347-01116C47BC77}.Release|Any CPU.Build.0 = Release|Any CPU
		{B73108C4-D852-4228-8347-01116C47BC77}.Release|ARM.ActiveCfg = Release|Any CPU
		{B73108C4-D852-4228-8347-01116C47BC77}.Release|x64.ActiveCfg = Release|Any CPU
		{B73108C4-D852-4228-8347-01116C47BC77}.Release|x86.ActiveCfg = Release|Any CPU
		{3E3CC7D9-4D27-4F3E-874E-32495F814B7F}.Debug|Any CPU.ActiveCfg = Debug|Any CPU
		{3E3CC7D9-4D27-4F3E-874E-32495F814B7F}.Debug|Any CPU.Build.0 = Debug|Any CPU
		{3E3CC7D9-4D27-4F3E-874E-32495F814B7F}.Debug|ARM.ActiveCfg = Debug|Any CPU
		{3E3CC7D9-4D27-4F3E-874E-32495F814B7F}.Debug|x64.ActiveCfg = Debug|Any CPU
		{3E3CC7D9-4D27-4F3E-874E-32495F814B7F}.Debug|x86.ActiveCfg = Debug|Any CPU
		{3E3CC7D9-4D27-4F3E-874E-32495F814B7F}.Release|Any CPU.ActiveCfg = Release|Any CPU
		{3E3CC7D9-4D27-4F3E-874E-32495F814B7F}.Release|Any CPU.Build.0 = Release|Any CPU
		{3E3CC7D9-4D27-4F3E-874E-32495F814B7F}.Release|ARM.ActiveCfg = Release|Any CPU
		{3E3CC7D9-4D27-4F3E-874E-32495F814B7F}.Release|x64.ActiveCfg = Release|Any CPU
		{3E3CC7D9-4D27-4F3E-874E-32495F814B7F}.Release|x86.ActiveCfg = Release|Any CPU
	EndGlobalSection
	GlobalSection(SolutionProperties) = preSolution
		HideSolutionNode = FALSE
	EndGlobalSection
EndGlobal
